
Microsoft Visual Studio Solution File, Format Version 12.00
# Visual Studio Version 16
VisualStudioVersion = 16.0.30104.148
MinimumVisualStudioVersion = 10.0.40219.1
Project("{9A19103F-16F7-4668-BE54-9A1E7A4F7556}") = "TestcaseSimple", "TestcaseSimple\TestcaseSimple.csproj", "{CE3B07B9-D315-40E6-A60A-2CD88AFE5058}"
EndProject
Project("{9A19103F-16F7-4668-BE54-9A1E7A4F7556}") = "RunAll", "RunAll\RunAll.csproj", "{D45FFDF5-1F6E-4982-9E19-D64D75E7FFA3}"
EndProject
Project("{9A19103F-16F7-4668-BE54-9A1E7A4F7556}") = "RunAllShuffle", "RunAllShuffle\RunAllShuffle.csproj", "{3BED04B2-3E0B-477D-8689-CB757B9011FB}"
EndProject
Project("{9A19103F-16F7-4668-BE54-9A1E7A4F7556}") = "CheckGround", "CheckGround\CheckGround.csproj", "{5478724D-99D6-4315-8E30-2475CB426286}"
EndProject
Project("{FAE04EC0-301F-11D3-BF4B-00C04F79EFBC}") = "WinFormTest", "WinFormTest\WinFormTest.csproj", "{73050237-4518-4D7F-AFCF-96125D5BFDA5}"
EndProject
Project("{9A19103F-16F7-4668-BE54-9A1E7A4F7556}") = "WorkingWithExcel", "WorkingWithExcel\WorkingWithExcel.csproj", "{F224206F-1874-4936-B36C-874890CAE64B}"
EndProject
Project("{9A19103F-16F7-4668-BE54-9A1E7A4F7556}") = "RunAllExcel", "RunAllExcel\RunAllExcel.csproj", "{CE793D70-50EC-491C-AF9C-731EBD2A453C}"
EndProject
Global
	GlobalSection(SolutionConfigurationPlatforms) = preSolution
		Debug|Any CPU = Debug|Any CPU
		Debug|x64 = Debug|x64
		Release|Any CPU = Release|Any CPU
		Release|x64 = Release|x64
	EndGlobalSection
	GlobalSection(ProjectConfigurationPlatforms) = postSolution
		{CE3B07B9-D315-40E6-A60A-2CD88AFE5058}.Debug|Any CPU.ActiveCfg = Release|x64
		{CE3B07B9-D315-40E6-A60A-2CD88AFE5058}.Debug|Any CPU.Build.0 = Release|x64
		{CE3B07B9-D315-40E6-A60A-2CD88AFE5058}.Debug|x64.ActiveCfg = Debug|x64
		{CE3B07B9-D315-40E6-A60A-2CD88AFE5058}.Debug|x64.Build.0 = Debug|x64
		{CE3B07B9-D315-40E6-A60A-2CD88AFE5058}.Release|Any CPU.ActiveCfg = Release|Any CPU
		{CE3B07B9-D315-40E6-A60A-2CD88AFE5058}.Release|Any CPU.Build.0 = Release|Any CPU
		{CE3B07B9-D315-40E6-A60A-2CD88AFE5058}.Release|x64.ActiveCfg = Release|x64
		{CE3B07B9-D315-40E6-A60A-2CD88AFE5058}.Release|x64.Build.0 = Release|x64
		{D45FFDF5-1F6E-4982-9E19-D64D75E7FFA3}.Debug|Any CPU.ActiveCfg = Release|Any CPU
		{D45FFDF5-1F6E-4982-9E19-D64D75E7FFA3}.Debug|Any CPU.Build.0 = Release|Any CPU
		{D45FFDF5-1F6E-4982-9E19-D64D75E7FFA3}.Debug|x64.ActiveCfg = Debug|Any CPU
		{D45FFDF5-1F6E-4982-9E19-D64D75E7FFA3}.Debug|x64.Build.0 = Debug|Any CPU
		{D45FFDF5-1F6E-4982-9E19-D64D75E7FFA3}.Release|Any CPU.ActiveCfg = Release|Any CPU
		{D45FFDF5-1F6E-4982-9E19-D64D75E7FFA3}.Release|Any CPU.Build.0 = Release|Any CPU
		{D45FFDF5-1F6E-4982-9E19-D64D75E7FFA3}.Release|x64.ActiveCfg = Release|x64
		{D45FFDF5-1F6E-4982-9E19-D64D75E7FFA3}.Release|x64.Build.0 = Release|x64
		{3BED04B2-3E0B-477D-8689-CB757B9011FB}.Debug|Any CPU.ActiveCfg = Release|x64
		{3BED04B2-3E0B-477D-8689-CB757B9011FB}.Debug|Any CPU.Build.0 = Release|x64
		{3BED04B2-3E0B-477D-8689-CB757B9011FB}.Debug|x64.ActiveCfg = Debug|Any CPU
		{3BED04B2-3E0B-477D-8689-CB757B9011FB}.Debug|x64.Build.0 = Debug|Any CPU
		{3BED04B2-3E0B-477D-8689-CB757B9011FB}.Release|Any CPU.ActiveCfg = Release|Any CPU
		{3BED04B2-3E0B-477D-8689-CB757B9011FB}.Release|Any CPU.Build.0 = Release|Any CPU
		{3BED04B2-3E0B-477D-8689-CB757B9011FB}.Release|x64.ActiveCfg = Release|x64
		{3BED04B2-3E0B-477D-8689-CB757B9011FB}.Release|x64.Build.0 = Release|x64
		{5478724D-99D6-4315-8E30-2475CB426286}.Debug|Any CPU.ActiveCfg = Release|Any CPU
		{5478724D-99D6-4315-8E30-2475CB426286}.Debug|Any CPU.Build.0 = Release|Any CPU
		{5478724D-99D6-4315-8E30-2475CB426286}.Debug|x64.ActiveCfg = Debug|Any CPU
		{5478724D-99D6-4315-8E30-2475CB426286}.Debug|x64.Build.0 = Debug|Any CPU
		{5478724D-99D6-4315-8E30-2475CB426286}.Release|Any CPU.ActiveCfg = Release|Any CPU
		{5478724D-99D6-4315-8E30-2475CB426286}.Release|Any CPU.Build.0 = Release|Any CPU
		{5478724D-99D6-4315-8E30-2475CB426286}.Release|x64.ActiveCfg = Release|x64
		{5478724D-99D6-4315-8E30-2475CB426286}.Release|x64.Build.0 = Release|x64
		{73050237-4518-4D7F-AFCF-96125D5BFDA5}.Debug|Any CPU.ActiveCfg = Release|x64
		{73050237-4518-4D7F-AFCF-96125D5BFDA5}.Debug|Any CPU.Build.0 = Release|x64
		{73050237-4518-4D7F-AFCF-96125D5BFDA5}.Debug|x64.ActiveCfg = Debug|Any CPU
		{73050237-4518-4D7F-AFCF-96125D5BFDA5}.Debug|x64.Build.0 = Debug|Any CPU
		{73050237-4518-4D7F-AFCF-96125D5BFDA5}.Release|Any CPU.ActiveCfg = Release|Any CPU
		{73050237-4518-4D7F-AFCF-96125D5BFDA5}.Release|Any CPU.Build.0 = Release|Any CPU
		{73050237-4518-4D7F-AFCF-96125D5BFDA5}.Release|x64.ActiveCfg = Release|x64
		{73050237-4518-4D7F-AFCF-96125D5BFDA5}.Release|x64.Build.0 = Release|x64
		{F224206F-1874-4936-B36C-874890CAE64B}.Debug|Any CPU.ActiveCfg = Debug|Any CPU
		{F224206F-1874-4936-B36C-874890CAE64B}.Debug|Any CPU.Build.0 = Debug|Any CPU
		{F224206F-1874-4936-B36C-874890CAE64B}.Debug|x64.ActiveCfg = Debug|x64
		{F224206F-1874-4936-B36C-874890CAE64B}.Debug|x64.Build.0 = Debug|x64
		{F224206F-1874-4936-B36C-874890CAE64B}.Release|Any CPU.ActiveCfg = Release|Any CPU
		{F224206F-1874-4936-B36C-874890CAE64B}.Release|Any CPU.Build.0 = Release|Any CPU
		{F224206F-1874-4936-B36C-874890CAE64B}.Release|x64.ActiveCfg = Release|x64
		{F224206F-1874-4936-B36C-874890CAE64B}.Release|x64.Build.0 = Release|x64
		{CE793D70-50EC-491C-AF9C-731EBD2A453C}.Debug|Any CPU.ActiveCfg = Debug|Any CPU
		{CE793D70-50EC-491C-AF9C-731EBD2A453C}.Debug|Any CPU.Build.0 = Debug|Any CPU
		{CE793D70-50EC-491C-AF9C-731EBD2A453C}.Debug|x64.ActiveCfg = Debug|Any CPU
		{CE793D70-50EC-491C-AF9C-731EBD2A453C}.Debug|x64.Build.0 = Debug|Any CPU
		{CE793D70-50EC-491C-AF9C-731EBD2A453C}.Release|Any CPU.ActiveCfg = Release|Any CPU
		{CE793D70-50EC-491C-AF9C-731EBD2A453C}.Release|Any CPU.Build.0 = Release|Any CPU
		{CE793D70-50EC-491C-AF9C-731EBD2A453C}.Release|x64.ActiveCfg = Release|x64
		{CE793D70-50EC-491C-AF9C-731EBD2A453C}.Release|x64.Build.0 = Release|x64
	EndGlobalSection
	GlobalSection(SolutionProperties) = preSolution
		HideSolutionNode = FALSE
	EndGlobalSection
	GlobalSection(ExtensibilityGlobals) = postSolution
		SolutionGuid = {E8250088-5F2F-4DC0-A1E9-9AC566A70CFD}
	EndGlobalSection
EndGlobal
